
Microsoft Visual Studio Solution File, Format Version 12.00
# Visual Studio Version 17
VisualStudioVersion = 17.7.34031.279
MinimumVisualStudioVersion = 10.0.40219.1
Project("{FAE04EC0-301F-11D3-BF4B-00C04F79EFBC}") = "Strawberry", "Strawberry.csproj", "{96309D4A-60A5-43E4-8A58-A5C5C6AA5EAF}"
EndProject
Global
	GlobalSection(SolutionConfigurationPlatforms) = preSolution
		Debug|Any CPU = Debug|Any CPU
		Release|Any CPU = Release|Any CPU
	EndGlobalSection
	GlobalSection(ProjectConfigurationPlatforms) = postSolution
		{96309D4A-60A5-43E4-8A58-A5C5C6AA5EAF}.Debug|Any CPU.ActiveCfg = Debug|Any CPU
		{96309D4A-60A5-43E4-8A58-A5C5C6AA5EAF}.Debug|Any CPU.Build.0 = Debug|Any CPU
		{96309D4A-60A5-43E4-8A58-A5C5C6AA5EAF}.Release|Any CPU.ActiveCfg = Release|Any CPU
		{96309D4A-60A5-43E4-8A58-A5C5C6AA5EAF}.Release|Any CPU.Build.0 = Release|Any CPU
	EndGlobalSection
	GlobalSection(SolutionProperties) = preSolution
		HideSolutionNode = FALSE
	EndGlobalSection
	GlobalSection(ExtensibilityGlobals) = postSolution
		SolutionGuid = {11265234-4F38-4331-AE8E-C7A1E5A51512}
	EndGlobalSection
EndGlobal
